// !$*UTF8*$!
{
	archiveVersion = 1;
	classes = {
	};
	objectVersion = 46;
	objects = {

/* Begin PBXBuildFile section */
		1A32B9688AB2267E1BB80C4A /* Pods_WeatherAppLAB.framework in Frameworks */ = {isa = PBXBuildFile; fileRef = BD48D605F5B9279E7AD792B8 /* Pods_WeatherAppLAB.framework */; };
		37DD3BB41F59DAA800065466 /* AppDelegate.swift in Sources */ = {isa = PBXBuildFile; fileRef = 37DD3BB31F59DAA800065466 /* AppDelegate.swift */; };
		37DD3BB91F59DAA800065466 /* Main.storyboard in Resources */ = {isa = PBXBuildFile; fileRef = 37DD3BB71F59DAA800065466 /* Main.storyboard */; };
		37DD3BBB1F59DAA800065466 /* Assets.xcassets in Resources */ = {isa = PBXBuildFile; fileRef = 37DD3BBA1F59DAA800065466 /* Assets.xcassets */; };
		37DD3BBE1F59DAA800065466 /* LaunchScreen.storyboard in Resources */ = {isa = PBXBuildFile; fileRef = 37DD3BBC1F59DAA800065466 /* LaunchScreen.storyboard */; };
		37DD3BC81F59DB6C00065466 /* AppDelegate.swift in Sources */ = {isa = PBXBuildFile; fileRef = 37DD3BB31F59DAA800065466 /* AppDelegate.swift */; };
		37DD3BCB1F59DB6C00065466 /* LaunchScreen.storyboard in Resources */ = {isa = PBXBuildFile; fileRef = 37DD3BBC1F59DAA800065466 /* LaunchScreen.storyboard */; };
		37DD3BCC1F59DB6C00065466 /* Assets.xcassets in Resources */ = {isa = PBXBuildFile; fileRef = 37DD3BBA1F59DAA800065466 /* Assets.xcassets */; };
		37DD3BCD1F59DB6C00065466 /* Main.storyboard in Resources */ = {isa = PBXBuildFile; fileRef = 37DD3BB71F59DAA800065466 /* Main.storyboard */; };
		37DD3BDA1F59DC1A00065466 /* SearchWeatherUseCase.swift in Sources */ = {isa = PBXBuildFile; fileRef = 37DD3BD91F59DC1A00065466 /* SearchWeatherUseCase.swift */; };
		37DD3BDB1F59DC1A00065466 /* SearchWeatherUseCase.swift in Sources */ = {isa = PBXBuildFile; fileRef = 37DD3BD91F59DC1A00065466 /* SearchWeatherUseCase.swift */; };
		37DD3BE01F59DC9C00065466 /* City.swift in Sources */ = {isa = PBXBuildFile; fileRef = 37DD3BDF1F59DC9C00065466 /* City.swift */; };
		37DD3BE11F59DC9C00065466 /* City.swift in Sources */ = {isa = PBXBuildFile; fileRef = 37DD3BDF1F59DC9C00065466 /* City.swift */; };
		37DD3BE31F59DCDE00065466 /* Location.swift in Sources */ = {isa = PBXBuildFile; fileRef = 37DD3BE21F59DCDE00065466 /* Location.swift */; };
		37DD3BE41F59DCDE00065466 /* Location.swift in Sources */ = {isa = PBXBuildFile; fileRef = 37DD3BE21F59DCDE00065466 /* Location.swift */; };
		37DD3BE61F59DCED00065466 /* WeatherResult.swift in Sources */ = {isa = PBXBuildFile; fileRef = 37DD3BE51F59DCED00065466 /* WeatherResult.swift */; };
		37DD3BE71F59DCED00065466 /* WeatherResult.swift in Sources */ = {isa = PBXBuildFile; fileRef = 37DD3BE51F59DCED00065466 /* WeatherResult.swift */; };
		37DD3BEB1F5B0BEC00065466 /* GetLastestCitiesUseCase.swift in Sources */ = {isa = PBXBuildFile; fileRef = 37DD3BEA1F5B0BEC00065466 /* GetLastestCitiesUseCase.swift */; };
		37DD3BEC1F5B0BEC00065466 /* GetLastestCitiesUseCase.swift in Sources */ = {isa = PBXBuildFile; fileRef = 37DD3BEA1F5B0BEC00065466 /* GetLastestCitiesUseCase.swift */; };
		37DD3BEE1F5B0DDE00065466 /* SearchViewController.swift in Sources */ = {isa = PBXBuildFile; fileRef = 37DD3BED1F5B0DDE00065466 /* SearchViewController.swift */; };
		37DD3BEF1F5B0DDE00065466 /* SearchViewController.swift in Sources */ = {isa = PBXBuildFile; fileRef = 37DD3BED1F5B0DDE00065466 /* SearchViewController.swift */; };
		37DD3BF31F5B0F9D00065466 /* WebViewViewController.swift in Sources */ = {isa = PBXBuildFile; fileRef = 37DD3BF21F5B0F9D00065466 /* WebViewViewController.swift */; };
		37DD3BF41F5B0F9D00065466 /* WebViewViewController.swift in Sources */ = {isa = PBXBuildFile; fileRef = 37DD3BF21F5B0F9D00065466 /* WebViewViewController.swift */; };
		37DD3BF61F5B105700065466 /* Constants.swift in Sources */ = {isa = PBXBuildFile; fileRef = 37DD3BF51F5B105700065466 /* Constants.swift */; };
		37DD3BF71F5B105700065466 /* Constants.swift in Sources */ = {isa = PBXBuildFile; fileRef = 37DD3BF51F5B105700065466 /* Constants.swift */; };
		37DD3BF91F5B175500065466 /* ResultViewController.swift in Sources */ = {isa = PBXBuildFile; fileRef = 37DD3BF81F5B175500065466 /* ResultViewController.swift */; };
		37DD3BFA1F5B175500065466 /* ResultViewController.swift in Sources */ = {isa = PBXBuildFile; fileRef = 37DD3BF81F5B175500065466 /* ResultViewController.swift */; };
		37DD3C031F5B1A6400065466 /* DomainConvertibleType.swift in Sources */ = {isa = PBXBuildFile; fileRef = 37DD3BFD1F5B1A6400065466 /* DomainConvertibleType.swift */; };
		37DD3C041F5B1A6400065466 /* DomainConvertibleType.swift in Sources */ = {isa = PBXBuildFile; fileRef = 37DD3BFD1F5B1A6400065466 /* DomainConvertibleType.swift */; };
		37DD3C051F5B1A6400065466 /* ObservableExt.swift in Sources */ = {isa = PBXBuildFile; fileRef = 37DD3BFE1F5B1A6400065466 /* ObservableExt.swift */; };
		37DD3C061F5B1A6400065466 /* ObservableExt.swift in Sources */ = {isa = PBXBuildFile; fileRef = 37DD3BFE1F5B1A6400065466 /* ObservableExt.swift */; };
		37DD3C071F5B1A6400065466 /* RealmExt.swift in Sources */ = {isa = PBXBuildFile; fileRef = 37DD3BFF1F5B1A6400065466 /* RealmExt.swift */; };
		37DD3C081F5B1A6400065466 /* RealmExt.swift in Sources */ = {isa = PBXBuildFile; fileRef = 37DD3BFF1F5B1A6400065466 /* RealmExt.swift */; };
		37DD3C091F5B1A6400065466 /* RealmRepo.swift in Sources */ = {isa = PBXBuildFile; fileRef = 37DD3C001F5B1A6400065466 /* RealmRepo.swift */; };
		37DD3C0A1F5B1A6400065466 /* RealmRepo.swift in Sources */ = {isa = PBXBuildFile; fileRef = 37DD3C001F5B1A6400065466 /* RealmRepo.swift */; };
		37DD3C0B1F5B1A6400065466 /* RealmRepresentable.swift in Sources */ = {isa = PBXBuildFile; fileRef = 37DD3C011F5B1A6400065466 /* RealmRepresentable.swift */; };
		37DD3C0C1F5B1A6400065466 /* RealmRepresentable.swift in Sources */ = {isa = PBXBuildFile; fileRef = 37DD3C011F5B1A6400065466 /* RealmRepresentable.swift */; };
		37DD3C0D1F5B1A6400065466 /* RunLoopThreadScheduler.swift in Sources */ = {isa = PBXBuildFile; fileRef = 37DD3C021F5B1A6400065466 /* RunLoopThreadScheduler.swift */; };
		37DD3C0E1F5B1A6400065466 /* RunLoopThreadScheduler.swift in Sources */ = {isa = PBXBuildFile; fileRef = 37DD3C021F5B1A6400065466 /* RunLoopThreadScheduler.swift */; };
		37DD3C111F5B1AAC00065466 /* RMCity.swift in Sources */ = {isa = PBXBuildFile; fileRef = 37DD3C101F5B1AAC00065466 /* RMCity.swift */; };
		37DD3C121F5B1AAC00065466 /* RMCity.swift in Sources */ = {isa = PBXBuildFile; fileRef = 37DD3C101F5B1AAC00065466 /* RMCity.swift */; };
		37DD3C141F5B1BC500065466 /* SaveNewLatestCityUseCase.swift in Sources */ = {isa = PBXBuildFile; fileRef = 37DD3C131F5B1BC500065466 /* SaveNewLatestCityUseCase.swift */; };
		37DD3C151F5B1BC500065466 /* SaveNewLatestCityUseCase.swift in Sources */ = {isa = PBXBuildFile; fileRef = 37DD3C131F5B1BC500065466 /* SaveNewLatestCityUseCase.swift */; };
		37DD3C191F5C994300065466 /* Network.swift in Sources */ = {isa = PBXBuildFile; fileRef = 37DD3C171F5C994300065466 /* Network.swift */; };
		37DD3C1A1F5C994300065466 /* Network.swift in Sources */ = {isa = PBXBuildFile; fileRef = 37DD3C171F5C994300065466 /* Network.swift */; };
		37DD3C1B1F5C994300065466 /* NetworkProvider.swift in Sources */ = {isa = PBXBuildFile; fileRef = 37DD3C181F5C994300065466 /* NetworkProvider.swift */; };
		37DD3C1C1F5C994300065466 /* NetworkProvider.swift in Sources */ = {isa = PBXBuildFile; fileRef = 37DD3C181F5C994300065466 /* NetworkProvider.swift */; };
		37DD3C1E1F5C99C800065466 /* UseCaseNetworkProvider.swift in Sources */ = {isa = PBXBuildFile; fileRef = 37DD3C1D1F5C99C800065466 /* UseCaseNetworkProvider.swift */; };
		37DD3C1F1F5C99C800065466 /* UseCaseNetworkProvider.swift in Sources */ = {isa = PBXBuildFile; fileRef = 37DD3C1D1F5C99C800065466 /* UseCaseNetworkProvider.swift */; };
		37DD3C211F5C9A4E00065466 /* WeatherResultNetwork.swift in Sources */ = {isa = PBXBuildFile; fileRef = 37DD3C201F5C9A4E00065466 /* WeatherResultNetwork.swift */; };
		37DD3C221F5C9A4E00065466 /* WeatherResultNetwork.swift in Sources */ = {isa = PBXBuildFile; fileRef = 37DD3C201F5C9A4E00065466 /* WeatherResultNetwork.swift */; };
		37DD3C241F5CAAF800065466 /* UIViewControllerExt.swift in Sources */ = {isa = PBXBuildFile; fileRef = 37DD3C231F5CAAF800065466 /* UIViewControllerExt.swift */; };
		37DD3C251F5CAAF800065466 /* UIViewControllerExt.swift in Sources */ = {isa = PBXBuildFile; fileRef = 37DD3C231F5CAAF800065466 /* UIViewControllerExt.swift */; };
		37DD3C271F5CAC7200065466 /* SearchPresenter.swift in Sources */ = {isa = PBXBuildFile; fileRef = 37DD3C261F5CAC7200065466 /* SearchPresenter.swift */; };
		37DD3C281F5CAC7200065466 /* SearchPresenter.swift in Sources */ = {isa = PBXBuildFile; fileRef = 37DD3C261F5CAC7200065466 /* SearchPresenter.swift */; };
		37DD3C2A1F5CAF3000065466 /* ApplicationConf.swift in Sources */ = {isa = PBXBuildFile; fileRef = 37DD3C291F5CAF3000065466 /* ApplicationConf.swift */; };
		37DD3C2B1F5CAF3000065466 /* ApplicationConf.swift in Sources */ = {isa = PBXBuildFile; fileRef = 37DD3C291F5CAF3000065466 /* ApplicationConf.swift */; };
		37DD3C2D1F5D34C200065466 /* SearchProtocol.swift in Sources */ = {isa = PBXBuildFile; fileRef = 37DD3C2C1F5D34C200065466 /* SearchProtocol.swift */; };
		37DD3C2E1F5D34C200065466 /* SearchProtocol.swift in Sources */ = {isa = PBXBuildFile; fileRef = 37DD3C2C1F5D34C200065466 /* SearchProtocol.swift */; };
		37DD3C301F5D358C00065466 /* AlertsManager.swift in Sources */ = {isa = PBXBuildFile; fileRef = 37DD3C2F1F5D358C00065466 /* AlertsManager.swift */; };
		37DD3C311F5D358C00065466 /* AlertsManager.swift in Sources */ = {isa = PBXBuildFile; fileRef = 37DD3C2F1F5D358C00065466 /* AlertsManager.swift */; };
		56F95D87021E103EADFB3B90 /* Pods_WeatherApp.framework in Frameworks */ = {isa = PBXBuildFile; fileRef = 09D88AAC2FB7970DC1AF843A /* Pods_WeatherApp.framework */; };
/* End PBXBuildFile section */

/* Begin PBXFileReference section */
		09D88AAC2FB7970DC1AF843A /* Pods_WeatherApp.framework */ = {isa = PBXFileReference; explicitFileType = wrapper.framework; includeInIndex = 0; path = Pods_WeatherApp.framework; sourceTree = BUILT_PRODUCTS_DIR; };
		37DD3BB01F59DAA800065466 /* WeatherApp.app */ = {isa = PBXFileReference; explicitFileType = wrapper.application; includeInIndex = 0; path = WeatherApp.app; sourceTree = BUILT_PRODUCTS_DIR; };
		37DD3BB31F59DAA800065466 /* AppDelegate.swift */ = {isa = PBXFileReference; lastKnownFileType = sourcecode.swift; path = AppDelegate.swift; sourceTree = "<group>"; };
		37DD3BB81F59DAA800065466 /* Base */ = {isa = PBXFileReference; lastKnownFileType = file.storyboard; name = Base; path = Base.lproj/Main.storyboard; sourceTree = "<group>"; };
		37DD3BBA1F59DAA800065466 /* Assets.xcassets */ = {isa = PBXFileReference; lastKnownFileType = folder.assetcatalog; path = Assets.xcassets; sourceTree = "<group>"; };
		37DD3BBD1F59DAA800065466 /* Base */ = {isa = PBXFileReference; lastKnownFileType = file.storyboard; name = Base; path = Base.lproj/LaunchScreen.storyboard; sourceTree = "<group>"; };
		37DD3BBF1F59DAA800065466 /* Info.plist */ = {isa = PBXFileReference; lastKnownFileType = text.plist.xml; path = Info.plist; sourceTree = "<group>"; };
		37DD3BD11F59DB6C00065466 /* WeatherAppLAB.app */ = {isa = PBXFileReference; explicitFileType = wrapper.application; includeInIndex = 0; path = WeatherAppLAB.app; sourceTree = BUILT_PRODUCTS_DIR; };
		37DD3BD21F59DB6C00065466 /* WeatherAppLAB-Info.plist */ = {isa = PBXFileReference; lastKnownFileType = text.plist.xml; name = "WeatherAppLAB-Info.plist"; path = "/Users/RLRG/Documents/RLRG/Learning/WeatherApp/WeatherApp_RLRG/WeatherApp/WeatherApp/WeatherAppLAB-Info.plist"; sourceTree = "<absolute>"; };
		37DD3BD91F59DC1A00065466 /* SearchWeatherUseCase.swift */ = {isa = PBXFileReference; fileEncoding = 4; lastKnownFileType = sourcecode.swift; path = SearchWeatherUseCase.swift; sourceTree = "<group>"; };
		37DD3BDF1F59DC9C00065466 /* City.swift */ = {isa = PBXFileReference; fileEncoding = 4; lastKnownFileType = sourcecode.swift; path = City.swift; sourceTree = "<group>"; };
		37DD3BE21F59DCDE00065466 /* Location.swift */ = {isa = PBXFileReference; fileEncoding = 4; lastKnownFileType = sourcecode.swift; path = Location.swift; sourceTree = "<group>"; };
		37DD3BE51F59DCED00065466 /* WeatherResult.swift */ = {isa = PBXFileReference; fileEncoding = 4; lastKnownFileType = sourcecode.swift; path = WeatherResult.swift; sourceTree = "<group>"; };
		37DD3BEA1F5B0BEC00065466 /* GetLastestCitiesUseCase.swift */ = {isa = PBXFileReference; fileEncoding = 4; lastKnownFileType = sourcecode.swift; path = GetLastestCitiesUseCase.swift; sourceTree = "<group>"; };
		37DD3BED1F5B0DDE00065466 /* SearchViewController.swift */ = {isa = PBXFileReference; fileEncoding = 4; lastKnownFileType = sourcecode.swift; path = SearchViewController.swift; sourceTree = "<group>"; };
		37DD3BF21F5B0F9D00065466 /* WebViewViewController.swift */ = {isa = PBXFileReference; fileEncoding = 4; lastKnownFileType = sourcecode.swift; path = WebViewViewController.swift; sourceTree = "<group>"; };
		37DD3BF51F5B105700065466 /* Constants.swift */ = {isa = PBXFileReference; fileEncoding = 4; lastKnownFileType = sourcecode.swift; path = Constants.swift; sourceTree = "<group>"; };
		37DD3BF81F5B175500065466 /* ResultViewController.swift */ = {isa = PBXFileReference; fileEncoding = 4; lastKnownFileType = sourcecode.swift; path = ResultViewController.swift; sourceTree = "<group>"; };
		37DD3BFD1F5B1A6400065466 /* DomainConvertibleType.swift */ = {isa = PBXFileReference; fileEncoding = 4; lastKnownFileType = sourcecode.swift; path = DomainConvertibleType.swift; sourceTree = "<group>"; };
		37DD3BFE1F5B1A6400065466 /* ObservableExt.swift */ = {isa = PBXFileReference; fileEncoding = 4; lastKnownFileType = sourcecode.swift; path = ObservableExt.swift; sourceTree = "<group>"; };
		37DD3BFF1F5B1A6400065466 /* RealmExt.swift */ = {isa = PBXFileReference; fileEncoding = 4; lastKnownFileType = sourcecode.swift; path = RealmExt.swift; sourceTree = "<group>"; };
		37DD3C001F5B1A6400065466 /* RealmRepo.swift */ = {isa = PBXFileReference; fileEncoding = 4; lastKnownFileType = sourcecode.swift; path = RealmRepo.swift; sourceTree = "<group>"; };
		37DD3C011F5B1A6400065466 /* RealmRepresentable.swift */ = {isa = PBXFileReference; fileEncoding = 4; lastKnownFileType = sourcecode.swift; path = RealmRepresentable.swift; sourceTree = "<group>"; };
		37DD3C021F5B1A6400065466 /* RunLoopThreadScheduler.swift */ = {isa = PBXFileReference; fileEncoding = 4; lastKnownFileType = sourcecode.swift; path = RunLoopThreadScheduler.swift; sourceTree = "<group>"; };
		37DD3C101F5B1AAC00065466 /* RMCity.swift */ = {isa = PBXFileReference; fileEncoding = 4; lastKnownFileType = sourcecode.swift; path = RMCity.swift; sourceTree = "<group>"; };
		37DD3C131F5B1BC500065466 /* SaveNewLatestCityUseCase.swift */ = {isa = PBXFileReference; fileEncoding = 4; lastKnownFileType = sourcecode.swift; path = SaveNewLatestCityUseCase.swift; sourceTree = "<group>"; };
		37DD3C171F5C994300065466 /* Network.swift */ = {isa = PBXFileReference; fileEncoding = 4; lastKnownFileType = sourcecode.swift; path = Network.swift; sourceTree = "<group>"; };
		37DD3C181F5C994300065466 /* NetworkProvider.swift */ = {isa = PBXFileReference; fileEncoding = 4; lastKnownFileType = sourcecode.swift; path = NetworkProvider.swift; sourceTree = "<group>"; };
		37DD3C1D1F5C99C800065466 /* UseCaseNetworkProvider.swift */ = {isa = PBXFileReference; fileEncoding = 4; lastKnownFileType = sourcecode.swift; path = UseCaseNetworkProvider.swift; sourceTree = "<group>"; };
		37DD3C201F5C9A4E00065466 /* WeatherResultNetwork.swift */ = {isa = PBXFileReference; fileEncoding = 4; lastKnownFileType = sourcecode.swift; path = WeatherResultNetwork.swift; sourceTree = "<group>"; };
		37DD3C231F5CAAF800065466 /* UIViewControllerExt.swift */ = {isa = PBXFileReference; fileEncoding = 4; lastKnownFileType = sourcecode.swift; path = UIViewControllerExt.swift; sourceTree = "<group>"; };
		37DD3C261F5CAC7200065466 /* SearchPresenter.swift */ = {isa = PBXFileReference; fileEncoding = 4; lastKnownFileType = sourcecode.swift; path = SearchPresenter.swift; sourceTree = "<group>"; };
		37DD3C291F5CAF3000065466 /* ApplicationConf.swift */ = {isa = PBXFileReference; fileEncoding = 4; lastKnownFileType = sourcecode.swift; path = ApplicationConf.swift; sourceTree = "<group>"; };
		37DD3C2C1F5D34C200065466 /* SearchProtocol.swift */ = {isa = PBXFileReference; fileEncoding = 4; lastKnownFileType = sourcecode.swift; path = SearchProtocol.swift; sourceTree = "<group>"; };
		37DD3C2F1F5D358C00065466 /* AlertsManager.swift */ = {isa = PBXFileReference; fileEncoding = 4; lastKnownFileType = sourcecode.swift; path = AlertsManager.swift; sourceTree = "<group>"; };
		A3CA7BACCDA32B1849795B72 /* Pods-WeatherApp.release.xcconfig */ = {isa = PBXFileReference; includeInIndex = 1; lastKnownFileType = text.xcconfig; name = "Pods-WeatherApp.release.xcconfig"; path = "Pods/Target Support Files/Pods-WeatherApp/Pods-WeatherApp.release.xcconfig"; sourceTree = "<group>"; };
		B261A9ECA1C64910D04B2D47 /* Pods-WeatherApp.debug.xcconfig */ = {isa = PBXFileReference; includeInIndex = 1; lastKnownFileType = text.xcconfig; name = "Pods-WeatherApp.debug.xcconfig"; path = "Pods/Target Support Files/Pods-WeatherApp/Pods-WeatherApp.debug.xcconfig"; sourceTree = "<group>"; };
		BD48D605F5B9279E7AD792B8 /* Pods_WeatherAppLAB.framework */ = {isa = PBXFileReference; explicitFileType = wrapper.framework; includeInIndex = 0; path = Pods_WeatherAppLAB.framework; sourceTree = BUILT_PRODUCTS_DIR; };
		CB146A027B3AFB360742FEE0 /* Pods-WeatherAppLAB.debug.xcconfig */ = {isa = PBXFileReference; includeInIndex = 1; lastKnownFileType = text.xcconfig; name = "Pods-WeatherAppLAB.debug.xcconfig"; path = "Pods/Target Support Files/Pods-WeatherAppLAB/Pods-WeatherAppLAB.debug.xcconfig"; sourceTree = "<group>"; };
		DB9993A9D17503B5322BE0EB /* Pods-WeatherAppLAB.release.xcconfig */ = {isa = PBXFileReference; includeInIndex = 1; lastKnownFileType = text.xcconfig; name = "Pods-WeatherAppLAB.release.xcconfig"; path = "Pods/Target Support Files/Pods-WeatherAppLAB/Pods-WeatherAppLAB.release.xcconfig"; sourceTree = "<group>"; };
/* End PBXFileReference section */

/* Begin PBXFrameworksBuildPhase section */
		37DD3BAD1F59DAA800065466 /* Frameworks */ = {
			isa = PBXFrameworksBuildPhase;
			buildActionMask = 2147483647;
			files = (
				56F95D87021E103EADFB3B90 /* Pods_WeatherApp.framework in Frameworks */,
			);
			runOnlyForDeploymentPostprocessing = 0;
		};
		37DD3BC91F59DB6C00065466 /* Frameworks */ = {
			isa = PBXFrameworksBuildPhase;
			buildActionMask = 2147483647;
			files = (
				1A32B9688AB2267E1BB80C4A /* Pods_WeatherAppLAB.framework in Frameworks */,
			);
			runOnlyForDeploymentPostprocessing = 0;
		};
/* End PBXFrameworksBuildPhase section */

/* Begin PBXGroup section */
		0A1896D8A16E0FC64295CB7D /* Pods */ = {
			isa = PBXGroup;
			children = (
				B261A9ECA1C64910D04B2D47 /* Pods-WeatherApp.debug.xcconfig */,
				A3CA7BACCDA32B1849795B72 /* Pods-WeatherApp.release.xcconfig */,
				CB146A027B3AFB360742FEE0 /* Pods-WeatherAppLAB.debug.xcconfig */,
				DB9993A9D17503B5322BE0EB /* Pods-WeatherAppLAB.release.xcconfig */,
			);
			name = Pods;
			sourceTree = "<group>";
		};
		16F5F1C63BFB922EA9F2370F /* Frameworks */ = {
			isa = PBXGroup;
			children = (
				09D88AAC2FB7970DC1AF843A /* Pods_WeatherApp.framework */,
				BD48D605F5B9279E7AD792B8 /* Pods_WeatherAppLAB.framework */,
			);
			name = Frameworks;
			sourceTree = "<group>";
		};
		37DD3BA71F59DAA800065466 = {
			isa = PBXGroup;
			children = (
				37DD3BB21F59DAA800065466 /* WeatherApp */,
				37DD3BB11F59DAA800065466 /* Products */,
				0A1896D8A16E0FC64295CB7D /* Pods */,
				16F5F1C63BFB922EA9F2370F /* Frameworks */,
			);
			sourceTree = "<group>";
		};
		37DD3BB11F59DAA800065466 /* Products */ = {
			isa = PBXGroup;
			children = (
				37DD3BB01F59DAA800065466 /* WeatherApp.app */,
				37DD3BD11F59DB6C00065466 /* WeatherAppLAB.app */,
			);
			name = Products;
			sourceTree = "<group>";
		};
		37DD3BB21F59DAA800065466 /* WeatherApp */ = {
			isa = PBXGroup;
			children = (
				37DD3BD31F59DB8B00065466 /* Application */,
				37DD3BD41F59DB9800065466 /* Modules */,
				37DD3C161F5C992F00065466 /* Network */,
				37DD3BD51F59DBA100065466 /* Interactor */,
				37DD3BD61F59DBB500065466 /* Entities */,
				37DD3BD71F59DBBE00065466 /* Utils */,
			);
			path = WeatherApp;
			sourceTree = "<group>";
		};
		37DD3BD31F59DB8B00065466 /* Application */ = {
			isa = PBXGroup;
			children = (
				37DD3BD81F59DBE700065466 /* Configuration */,
				37DD3BB31F59DAA800065466 /* AppDelegate.swift */,
				37DD3C291F5CAF3000065466 /* ApplicationConf.swift */,
				37DD3BB71F59DAA800065466 /* Main.storyboard */,
				37DD3BBC1F59DAA800065466 /* LaunchScreen.storyboard */,
				37DD3BBA1F59DAA800065466 /* Assets.xcassets */,
			);
			name = Application;
			sourceTree = "<group>";
		};
		37DD3BD41F59DB9800065466 /* Modules */ = {
			isa = PBXGroup;
			children = (
				37DD3BE81F59DD5300065466 /* searchScreen */,
				37DD3BE91F59DD8400065466 /* resultScreen */,
			);
			name = Modules;
			sourceTree = "<group>";
		};
		37DD3BD51F59DBA100065466 /* Interactor */ = {
			isa = PBXGroup;
			children = (
				37DD3C131F5B1BC500065466 /* SaveNewLatestCityUseCase.swift */,
				37DD3BEA1F5B0BEC00065466 /* GetLastestCitiesUseCase.swift */,
				37DD3BD91F59DC1A00065466 /* SearchWeatherUseCase.swift */,
			);
			name = Interactor;
			sourceTree = "<group>";
		};
		37DD3BD61F59DBB500065466 /* Entities */ = {
			isa = PBXGroup;
			children = (
				37DD3BDE1F59DC7200065466 /* Network */,
				37DD3BDC1F59DC4B00065466 /* Realm */,
				37DD3BDD1F59DC5500065466 /* App_Logic */,
			);
			name = Entities;
			sourceTree = "<group>";
		};
		37DD3BD71F59DBBE00065466 /* Utils */ = {
			isa = PBXGroup;
			children = (
				37DD3BF51F5B105700065466 /* Constants.swift */,
				37DD3C231F5CAAF800065466 /* UIViewControllerExt.swift */,
				37DD3C2F1F5D358C00065466 /* AlertsManager.swift */,
			);
			name = Utils;
			sourceTree = "<group>";
		};
		37DD3BD81F59DBE700065466 /* Configuration */ = {
			isa = PBXGroup;
			children = (
				37DD3BD21F59DB6C00065466 /* WeatherAppLAB-Info.plist */,
				37DD3BBF1F59DAA800065466 /* Info.plist */,
			);
			name = Configuration;
			sourceTree = "<group>";
		};
		37DD3BDC1F59DC4B00065466 /* Realm */ = {
			isa = PBXGroup;
			children = (
				37DD3C001F5B1A6400065466 /* RealmRepo.swift */,
				37DD3C0F1F5B1A6900065466 /* Conversion & Utils */,
				37DD3C101F5B1AAC00065466 /* RMCity.swift */,
			);
			name = Realm;
			sourceTree = "<group>";
		};
		37DD3BDD1F59DC5500065466 /* App_Logic */ = {
			isa = PBXGroup;
			children = (
				37DD3BDF1F59DC9C00065466 /* City.swift */,
				37DD3BE21F59DCDE00065466 /* Location.swift */,
				37DD3BE51F59DCED00065466 /* WeatherResult.swift */,
			);
			name = App_Logic;
			sourceTree = "<group>";
		};
		37DD3BDE1F59DC7200065466 /* Network */ = {
			isa = PBXGroup;
			children = (
				37DD3C201F5C9A4E00065466 /* WeatherResultNetwork.swift */,
			);
			name = Network;
			sourceTree = "<group>";
		};
		37DD3BE81F59DD5300065466 /* searchScreen */ = {
			isa = PBXGroup;
			children = (
				37DD3BF01F5B0E5B00065466 /* View */,
				37DD3BF11F5B0E6100065466 /* Presenter */,
			);
			name = searchScreen;
			sourceTree = "<group>";
		};
		37DD3BE91F59DD8400065466 /* resultScreen */ = {
			isa = PBXGroup;
			children = (
				37DD3BFB1F5B175900065466 /* View */,
			);
			name = resultScreen;
			sourceTree = "<group>";
		};
		37DD3BF01F5B0E5B00065466 /* View */ = {
			isa = PBXGroup;
			children = (
				37DD3BED1F5B0DDE00065466 /* SearchViewController.swift */,
				37DD3BF21F5B0F9D00065466 /* WebViewViewController.swift */,
			);
			name = View;
			sourceTree = "<group>";
		};
		37DD3BF11F5B0E6100065466 /* Presenter */ = {
			isa = PBXGroup;
			children = (
				37DD3C2C1F5D34C200065466 /* SearchProtocol.swift */,
				37DD3C261F5CAC7200065466 /* SearchPresenter.swift */,
			);
			name = Presenter;
			sourceTree = "<group>";
		};
		37DD3BFB1F5B175900065466 /* View */ = {
			isa = PBXGroup;
			children = (
				37DD3BF81F5B175500065466 /* ResultViewController.swift */,
			);
			name = View;
			sourceTree = "<group>";
		};
		37DD3C0F1F5B1A6900065466 /* Conversion & Utils */ = {
			isa = PBXGroup;
			children = (
				37DD3BFD1F5B1A6400065466 /* DomainConvertibleType.swift */,
				37DD3BFE1F5B1A6400065466 /* ObservableExt.swift */,
				37DD3BFF1F5B1A6400065466 /* RealmExt.swift */,
				37DD3C011F5B1A6400065466 /* RealmRepresentable.swift */,
				37DD3C021F5B1A6400065466 /* RunLoopThreadScheduler.swift */,
			);
			name = "Conversion & Utils";
			sourceTree = "<group>";
		};
		37DD3C161F5C992F00065466 /* Network */ = {
			isa = PBXGroup;
			children = (
				37DD3C1D1F5C99C800065466 /* UseCaseNetworkProvider.swift */,
				37DD3C171F5C994300065466 /* Network.swift */,
				37DD3C181F5C994300065466 /* NetworkProvider.swift */,
			);
			name = Network;
			sourceTree = "<group>";
		};
/* End PBXGroup section */

/* Begin PBXNativeTarget section */
		37DD3BAF1F59DAA800065466 /* WeatherApp */ = {
			isa = PBXNativeTarget;
			buildConfigurationList = 37DD3BC21F59DAA800065466 /* Build configuration list for PBXNativeTarget "WeatherApp" */;
			buildPhases = (
				B963A934E5E8F8347F1EDFAD /* [CP] Check Pods Manifest.lock */,
				37DD3BAC1F59DAA800065466 /* Sources */,
				37DD3BAD1F59DAA800065466 /* Frameworks */,
				37DD3BAE1F59DAA800065466 /* Resources */,
				DFA48E95C9D657EDF5556563 /* [CP] Embed Pods Frameworks */,
				81D68AE07DA12E8DB066184A /* [CP] Copy Pods Resources */,
			);
			buildRules = (
			);
			dependencies = (
			);
			name = WeatherApp;
			productName = WeatherApp;
			productReference = 37DD3BB01F59DAA800065466 /* WeatherApp.app */;
			productType = "com.apple.product-type.application";
		};
		37DD3BC51F59DB6C00065466 /* WeatherAppLAB */ = {
			isa = PBXNativeTarget;
			buildConfigurationList = 37DD3BCE1F59DB6C00065466 /* Build configuration list for PBXNativeTarget "WeatherAppLAB" */;
			buildPhases = (
				04F882F4971A35550EB48414 /* [CP] Check Pods Manifest.lock */,
				37DD3BC61F59DB6C00065466 /* Sources */,
				37DD3BC91F59DB6C00065466 /* Frameworks */,
				37DD3BCA1F59DB6C00065466 /* Resources */,
				E70AA5B6817065E5A13F9700 /* [CP] Embed Pods Frameworks */,
				0386E393403790F5255FF530 /* [CP] Copy Pods Resources */,
			);
			buildRules = (
			);
			dependencies = (
			);
			name = WeatherAppLAB;
			productName = WeatherApp;
			productReference = 37DD3BD11F59DB6C00065466 /* WeatherAppLAB.app */;
			productType = "com.apple.product-type.application";
		};
/* End PBXNativeTarget section */

/* Begin PBXProject section */
		37DD3BA81F59DAA800065466 /* Project object */ = {
			isa = PBXProject;
			attributes = {
				LastSwiftUpdateCheck = 0830;
				LastUpgradeCheck = 0830;
				ORGANIZATIONNAME = "Rodrigo López-Romero Guijarro";
				TargetAttributes = {
					37DD3BAF1F59DAA800065466 = {
						CreatedOnToolsVersion = 8.3.3;
						DevelopmentTeam = 8WFER5UG23;
						ProvisioningStyle = Automatic;
					};
					37DD3BC51F59DB6C00065466 = {
						DevelopmentTeam = 8WFER5UG23;
					};
				};
			};
			buildConfigurationList = 37DD3BAB1F59DAA800065466 /* Build configuration list for PBXProject "WeatherApp" */;
			compatibilityVersion = "Xcode 3.2";
			developmentRegion = English;
			hasScannedForEncodings = 0;
			knownRegions = (
				en,
				Base,
			);
			mainGroup = 37DD3BA71F59DAA800065466;
			productRefGroup = 37DD3BB11F59DAA800065466 /* Products */;
			projectDirPath = "";
			projectRoot = "";
			targets = (
				37DD3BC51F59DB6C00065466 /* WeatherAppLAB */,
				37DD3BAF1F59DAA800065466 /* WeatherApp */,
			);
		};
/* End PBXProject section */

/* Begin PBXResourcesBuildPhase section */
		37DD3BAE1F59DAA800065466 /* Resources */ = {
			isa = PBXResourcesBuildPhase;
			buildActionMask = 2147483647;
			files = (
				37DD3BBE1F59DAA800065466 /* LaunchScreen.storyboard in Resources */,
				37DD3BBB1F59DAA800065466 /* Assets.xcassets in Resources */,
				37DD3BB91F59DAA800065466 /* Main.storyboard in Resources */,
			);
			runOnlyForDeploymentPostprocessing = 0;
		};
		37DD3BCA1F59DB6C00065466 /* Resources */ = {
			isa = PBXResourcesBuildPhase;
			buildActionMask = 2147483647;
			files = (
				37DD3BCB1F59DB6C00065466 /* LaunchScreen.storyboard in Resources */,
				37DD3BCC1F59DB6C00065466 /* Assets.xcassets in Resources */,
				37DD3BCD1F59DB6C00065466 /* Main.storyboard in Resources */,
			);
			runOnlyForDeploymentPostprocessing = 0;
		};
/* End PBXResourcesBuildPhase section */

/* Begin PBXShellScriptBuildPhase section */
		0386E393403790F5255FF530 /* [CP] Copy Pods Resources */ = {
			isa = PBXShellScriptBuildPhase;
			buildActionMask = 2147483647;
			files = (
			);
			inputPaths = (
			);
			name = "[CP] Copy Pods Resources";
			outputPaths = (
			);
			runOnlyForDeploymentPostprocessing = 0;
			shellPath = /bin/sh;
			shellScript = "\"${SRCROOT}/Pods/Target Support Files/Pods-WeatherAppLAB/Pods-WeatherAppLAB-resources.sh\"\n";
			showEnvVarsInLog = 0;
		};
		04F882F4971A35550EB48414 /* [CP] Check Pods Manifest.lock */ = {
			isa = PBXShellScriptBuildPhase;
			buildActionMask = 2147483647;
			files = (
			);
			inputPaths = (
			);
			name = "[CP] Check Pods Manifest.lock";
			outputPaths = (
			);
			runOnlyForDeploymentPostprocessing = 0;
			shellPath = /bin/sh;
			shellScript = "diff \"${PODS_PODFILE_DIR_PATH}/Podfile.lock\" \"${PODS_ROOT}/Manifest.lock\" > /dev/null\nif [ $? != 0 ] ; then\n    # print error to STDERR\n    echo \"error: The sandbox is not in sync with the Podfile.lock. Run 'pod install' or update your CocoaPods installation.\" >&2\n    exit 1\nfi\n";
			showEnvVarsInLog = 0;
		};
		81D68AE07DA12E8DB066184A /* [CP] Copy Pods Resources */ = {
			isa = PBXShellScriptBuildPhase;
			buildActionMask = 2147483647;
			files = (
			);
			inputPaths = (
			);
			name = "[CP] Copy Pods Resources";
			outputPaths = (
			);
			runOnlyForDeploymentPostprocessing = 0;
			shellPath = /bin/sh;
			shellScript = "\"${SRCROOT}/Pods/Target Support Files/Pods-WeatherApp/Pods-WeatherApp-resources.sh\"\n";
			showEnvVarsInLog = 0;
		};
		B963A934E5E8F8347F1EDFAD /* [CP] Check Pods Manifest.lock */ = {
			isa = PBXShellScriptBuildPhase;
			buildActionMask = 2147483647;
			files = (
			);
			inputPaths = (
			);
			name = "[CP] Check Pods Manifest.lock";
			outputPaths = (
			);
			runOnlyForDeploymentPostprocessing = 0;
			shellPath = /bin/sh;
			shellScript = "diff \"${PODS_PODFILE_DIR_PATH}/Podfile.lock\" \"${PODS_ROOT}/Manifest.lock\" > /dev/null\nif [ $? != 0 ] ; then\n    # print error to STDERR\n    echo \"error: The sandbox is not in sync with the Podfile.lock. Run 'pod install' or update your CocoaPods installation.\" >&2\n    exit 1\nfi\n";
			showEnvVarsInLog = 0;
		};
		DFA48E95C9D657EDF5556563 /* [CP] Embed Pods Frameworks */ = {
			isa = PBXShellScriptBuildPhase;
			buildActionMask = 2147483647;
			files = (
			);
			inputPaths = (
			);
			name = "[CP] Embed Pods Frameworks";
			outputPaths = (
			);
			runOnlyForDeploymentPostprocessing = 0;
			shellPath = /bin/sh;
			shellScript = "\"${SRCROOT}/Pods/Target Support Files/Pods-WeatherApp/Pods-WeatherApp-frameworks.sh\"\n";
			showEnvVarsInLog = 0;
		};
		E70AA5B6817065E5A13F9700 /* [CP] Embed Pods Frameworks */ = {
			isa = PBXShellScriptBuildPhase;
			buildActionMask = 2147483647;
			files = (
			);
			inputPaths = (
			);
			name = "[CP] Embed Pods Frameworks";
			outputPaths = (
			);
			runOnlyForDeploymentPostprocessing = 0;
			shellPath = /bin/sh;
			shellScript = "\"${SRCROOT}/Pods/Target Support Files/Pods-WeatherAppLAB/Pods-WeatherAppLAB-frameworks.sh\"\n";
			showEnvVarsInLog = 0;
		};
/* End PBXShellScriptBuildPhase section */

/* Begin PBXSourcesBuildPhase section */
		37DD3BAC1F59DAA800065466 /* Sources */ = {
			isa = PBXSourcesBuildPhase;
			buildActionMask = 2147483647;
			files = (
				37DD3C0C1F5B1A6400065466 /* RealmRepresentable.swift in Sources */,
				37DD3C061F5B1A6400065466 /* ObservableExt.swift in Sources */,
				37DD3BE71F59DCED00065466 /* WeatherResult.swift in Sources */,
				37DD3C151F5B1BC500065466 /* SaveNewLatestCityUseCase.swift in Sources */,
				37DD3BEF1F5B0DDE00065466 /* SearchViewController.swift in Sources */,
				37DD3C121F5B1AAC00065466 /* RMCity.swift in Sources */,
				37DD3BB41F59DAA800065466 /* AppDelegate.swift in Sources */,
				37DD3BEC1F5B0BEC00065466 /* GetLastestCitiesUseCase.swift in Sources */,
				37DD3C251F5CAAF800065466 /* UIViewControllerExt.swift in Sources */,
				37DD3C221F5C9A4E00065466 /* WeatherResultNetwork.swift in Sources */,
				37DD3BDB1F59DC1A00065466 /* SearchWeatherUseCase.swift in Sources */,
				37DD3C1C1F5C994300065466 /* NetworkProvider.swift in Sources */,
				37DD3BFA1F5B175500065466 /* ResultViewController.swift in Sources */,
				37DD3BE41F59DCDE00065466 /* Location.swift in Sources */,
				37DD3C311F5D358C00065466 /* AlertsManager.swift in Sources */,
				37DD3C2B1F5CAF3000065466 /* ApplicationConf.swift in Sources */,
				37DD3C281F5CAC7200065466 /* SearchPresenter.swift in Sources */,
				37DD3BF41F5B0F9D00065466 /* WebViewViewController.swift in Sources */,
				37DD3C1A1F5C994300065466 /* Network.swift in Sources */,
				37DD3C1F1F5C99C800065466 /* UseCaseNetworkProvider.swift in Sources */,
				37DD3BE11F59DC9C00065466 /* City.swift in Sources */,
				37DD3BF71F5B105700065466 /* Constants.swift in Sources */,
				37DD3C041F5B1A6400065466 /* DomainConvertibleType.swift in Sources */,
				37DD3C0E1F5B1A6400065466 /* RunLoopThreadScheduler.swift in Sources */,
				37DD3C2E1F5D34C200065466 /* SearchProtocol.swift in Sources */,
				37DD3C081F5B1A6400065466 /* RealmExt.swift in Sources */,
				37DD3C0A1F5B1A6400065466 /* RealmRepo.swift in Sources */,
			);
			runOnlyForDeploymentPostprocessing = 0;
		};
		37DD3BC61F59DB6C00065466 /* Sources */ = {
			isa = PBXSourcesBuildPhase;
			buildActionMask = 2147483647;
			files = (
				37DD3C0B1F5B1A6400065466 /* RealmRepresentable.swift in Sources */,
				37DD3C051F5B1A6400065466 /* ObservableExt.swift in Sources */,
				37DD3BE61F59DCED00065466 /* WeatherResult.swift in Sources */,
				37DD3C141F5B1BC500065466 /* SaveNewLatestCityUseCase.swift in Sources */,
				37DD3BEE1F5B0DDE00065466 /* SearchViewController.swift in Sources */,
				37DD3C111F5B1AAC00065466 /* RMCity.swift in Sources */,
				37DD3BC81F59DB6C00065466 /* AppDelegate.swift in Sources */,
				37DD3BEB1F5B0BEC00065466 /* GetLastestCitiesUseCase.swift in Sources */,
				37DD3C241F5CAAF800065466 /* UIViewControllerExt.swift in Sources */,
				37DD3C211F5C9A4E00065466 /* WeatherResultNetwork.swift in Sources */,
				37DD3BDA1F59DC1A00065466 /* SearchWeatherUseCase.swift in Sources */,
				37DD3C1B1F5C994300065466 /* NetworkProvider.swift in Sources */,
				37DD3BF91F5B175500065466 /* ResultViewController.swift in Sources */,
				37DD3BE31F59DCDE00065466 /* Location.swift in Sources */,
				37DD3C301F5D358C00065466 /* AlertsManager.swift in Sources */,
				37DD3C2A1F5CAF3000065466 /* ApplicationConf.swift in Sources */,
				37DD3C271F5CAC7200065466 /* SearchPresenter.swift in Sources */,
				37DD3BF31F5B0F9D00065466 /* WebViewViewController.swift in Sources */,
				37DD3C191F5C994300065466 /* Network.swift in Sources */,
				37DD3C1E1F5C99C800065466 /* UseCaseNetworkProvider.swift in Sources */,
				37DD3BE01F59DC9C00065466 /* City.swift in Sources */,
				37DD3BF61F5B105700065466 /* Constants.swift in Sources */,
				37DD3C031F5B1A6400065466 /* DomainConvertibleType.swift in Sources */,
				37DD3C0D1F5B1A6400065466 /* RunLoopThreadScheduler.swift in Sources */,
				37DD3C2D1F5D34C200065466 /* SearchProtocol.swift in Sources */,
				37DD3C071F5B1A6400065466 /* RealmExt.swift in Sources */,
				37DD3C091F5B1A6400065466 /* RealmRepo.swift in Sources */,
			);
			runOnlyForDeploymentPostprocessing = 0;
		};
/* End PBXSourcesBuildPhase section */

/* Begin PBXVariantGroup section */
		37DD3BB71F59DAA800065466 /* Main.storyboard */ = {
			isa = PBXVariantGroup;
			children = (
				37DD3BB81F59DAA800065466 /* Base */,
			);
			name = Main.storyboard;
			sourceTree = "<group>";
		};
		37DD3BBC1F59DAA800065466 /* LaunchScreen.storyboard */ = {
			isa = PBXVariantGroup;
			children = (
				37DD3BBD1F59DAA800065466 /* Base */,
			);
			name = LaunchScreen.storyboard;
			sourceTree = "<group>";
		};
/* End PBXVariantGroup section */

/* Begin XCBuildConfiguration section */
		37DD3BC01F59DAA800065466 /* Debug */ = {
			isa = XCBuildConfiguration;
			buildSettings = {
				ALWAYS_SEARCH_USER_PATHS = NO;
				CLANG_ANALYZER_NONNULL = YES;
				CLANG_ANALYZER_NUMBER_OBJECT_CONVERSION = YES_AGGRESSIVE;
				CLANG_CXX_LANGUAGE_STANDARD = "gnu++0x";
				CLANG_CXX_LIBRARY = "libc++";
				CLANG_ENABLE_MODULES = YES;
				CLANG_ENABLE_OBJC_ARC = YES;
				CLANG_WARN_BOOL_CONVERSION = YES;
				CLANG_WARN_CONSTANT_CONVERSION = YES;
				CLANG_WARN_DIRECT_OBJC_ISA_USAGE = YES_ERROR;
				CLANG_WARN_DOCUMENTATION_COMMENTS = YES;
				CLANG_WARN_EMPTY_BODY = YES;
				CLANG_WARN_ENUM_CONVERSION = YES;
				CLANG_WARN_INFINITE_RECURSION = YES;
				CLANG_WARN_INT_CONVERSION = YES;
				CLANG_WARN_OBJC_ROOT_CLASS = YES_ERROR;
				CLANG_WARN_SUSPICIOUS_MOVE = YES;
				CLANG_WARN_UNREACHABLE_CODE = YES;
				CLANG_WARN__DUPLICATE_METHOD_MATCH = YES;
				"CODE_SIGN_IDENTITY[sdk=iphoneos*]" = "iPhone Developer";
				COPY_PHASE_STRIP = NO;
				DEBUG_INFORMATION_FORMAT = dwarf;
				ENABLE_STRICT_OBJC_MSGSEND = YES;
				ENABLE_TESTABILITY = YES;
				GCC_C_LANGUAGE_STANDARD = gnu99;
				GCC_DYNAMIC_NO_PIC = NO;
				GCC_NO_COMMON_BLOCKS = YES;
				GCC_OPTIMIZATION_LEVEL = 0;
				GCC_PREPROCESSOR_DEFINITIONS = (
					"DEBUG=1",
					"$(inherited)",
				);
				GCC_WARN_64_TO_32_BIT_CONVERSION = YES;
				GCC_WARN_ABOUT_RETURN_TYPE = YES_ERROR;
				GCC_WARN_UNDECLARED_SELECTOR = YES;
				GCC_WARN_UNINITIALIZED_AUTOS = YES_AGGRESSIVE;
				GCC_WARN_UNUSED_FUNCTION = YES;
				GCC_WARN_UNUSED_VARIABLE = YES;
				IPHONEOS_DEPLOYMENT_TARGET = 10.3;
				MTL_ENABLE_DEBUG_INFO = YES;
				ONLY_ACTIVE_ARCH = YES;
				SDKROOT = iphoneos;
				SWIFT_ACTIVE_COMPILATION_CONDITIONS = DEBUG;
				SWIFT_OPTIMIZATION_LEVEL = "-Onone";
				TARGETED_DEVICE_FAMILY = "1,2";
			};
			name = Debug;
		};
		37DD3BC11F59DAA800065466 /* Release */ = {
			isa = XCBuildConfiguration;
			buildSettings = {
				ALWAYS_SEARCH_USER_PATHS = NO;
				CLANG_ANALYZER_NONNULL = YES;
				CLANG_ANALYZER_NUMBER_OBJECT_CONVERSION = YES_AGGRESSIVE;
				CLANG_CXX_LANGUAGE_STANDARD = "gnu++0x";
				CLANG_CXX_LIBRARY = "libc++";
				CLANG_ENABLE_MODULES = YES;
				CLANG_ENABLE_OBJC_ARC = YES;
				CLANG_WARN_BOOL_CONVERSION = YES;
				CLANG_WARN_CONSTANT_CONVERSION = YES;
				CLANG_WARN_DIRECT_OBJC_ISA_USAGE = YES_ERROR;
				CLANG_WARN_DOCUMENTATION_COMMENTS = YES;
				CLANG_WARN_EMPTY_BODY = YES;
				CLANG_WARN_ENUM_CONVERSION = YES;
				CLANG_WARN_INFINITE_RECURSION = YES;
				CLANG_WARN_INT_CONVERSION = YES;
				CLANG_WARN_OBJC_ROOT_CLASS = YES_ERROR;
				CLANG_WARN_SUSPICIOUS_MOVE = YES;
				CLANG_WARN_UNREACHABLE_CODE = YES;
				CLANG_WARN__DUPLICATE_METHOD_MATCH = YES;
				"CODE_SIGN_IDENTITY[sdk=iphoneos*]" = "iPhone Developer";
				COPY_PHASE_STRIP = NO;
				DEBUG_INFORMATION_FORMAT = "dwarf-with-dsym";
				ENABLE_NS_ASSERTIONS = NO;
				ENABLE_STRICT_OBJC_MSGSEND = YES;
				GCC_C_LANGUAGE_STANDARD = gnu99;
				GCC_NO_COMMON_BLOCKS = YES;
				GCC_WARN_64_TO_32_BIT_CONVERSION = YES;
				GCC_WARN_ABOUT_RETURN_TYPE = YES_ERROR;
				GCC_WARN_UNDECLARED_SELECTOR = YES;
				GCC_WARN_UNINITIALIZED_AUTOS = YES_AGGRESSIVE;
				GCC_WARN_UNUSED_FUNCTION = YES;
				GCC_WARN_UNUSED_VARIABLE = YES;
				IPHONEOS_DEPLOYMENT_TARGET = 10.3;
				MTL_ENABLE_DEBUG_INFO = NO;
				SDKROOT = iphoneos;
				SWIFT_OPTIMIZATION_LEVEL = "-Owholemodule";
				TARGETED_DEVICE_FAMILY = "1,2";
				VALIDATE_PRODUCT = YES;
			};
			name = Release;
		};
		37DD3BC31F59DAA800065466 /* Debug */ = {
			isa = XCBuildConfiguration;
			baseConfigurationReference = B261A9ECA1C64910D04B2D47 /* Pods-WeatherApp.debug.xcconfig */;
			buildSettings = {
				ASSETCATALOG_COMPILER_APPICON_NAME = AppIcon;
				DEVELOPMENT_TEAM = 8WFER5UG23;
				INFOPLIST_FILE = WeatherApp/Info.plist;
				LD_RUNPATH_SEARCH_PATHS = "$(inherited) @executable_path/Frameworks";
				PRODUCT_BUNDLE_IDENTIFIER = com.rlrg.WeatherApp;
				PRODUCT_NAME = "$(TARGET_NAME)";
				SWIFT_VERSION = 3.0;
			};
			name = Debug;
		};
		37DD3BC41F59DAA800065466 /* Release */ = {
			isa = XCBuildConfiguration;
			baseConfigurationReference = A3CA7BACCDA32B1849795B72 /* Pods-WeatherApp.release.xcconfig */;
			buildSettings = {
				ASSETCATALOG_COMPILER_APPICON_NAME = AppIcon;
				DEVELOPMENT_TEAM = 8WFER5UG23;
				INFOPLIST_FILE = WeatherApp/Info.plist;
				LD_RUNPATH_SEARCH_PATHS = "$(inherited) @executable_path/Frameworks";
				PRODUCT_BUNDLE_IDENTIFIER = com.rlrg.WeatherApp;
				PRODUCT_NAME = "$(TARGET_NAME)";
				SWIFT_VERSION = 3.0;
			};
			name = Release;
		};
		37DD3BCF1F59DB6C00065466 /* Debug */ = {
			isa = XCBuildConfiguration;
			baseConfigurationReference = CB146A027B3AFB360742FEE0 /* Pods-WeatherAppLAB.debug.xcconfig */;
			buildSettings = {
				ASSETCATALOG_COMPILER_APPICON_NAME = AppIcon;
				DEVELOPMENT_TEAM = 8WFER5UG23;
				INFOPLIST_FILE = "WeatherApp/WeatherAppLAB-Info.plist";
				LD_RUNPATH_SEARCH_PATHS = "$(inherited) @executable_path/Frameworks";
				OTHER_SWIFT_FLAGS = "$(inherited) \"-D\" \"COCOAPODS\" \"-D\" \"WeatherAppLAB\"";
				PRODUCT_BUNDLE_IDENTIFIER = com.rlrg.WeatherApp;
				PRODUCT_NAME = "$(TARGET_NAME)";
				SWIFT_VERSION = 3.0;
			};
			name = Debug;
		};
		37DD3BD01F59DB6C00065466 /* Release */ = {
			isa = XCBuildConfiguration;
			baseConfigurationReference = DB9993A9D17503B5322BE0EB /* Pods-WeatherAppLAB.release.xcconfig */;
			buildSettings = {
				ASSETCATALOG_COMPILER_APPICON_NAME = AppIcon;
				DEVELOPMENT_TEAM = 8WFER5UG23;
				INFOPLIST_FILE = "WeatherApp/WeatherAppLAB-Info.plist";
				LD_RUNPATH_SEARCH_PATHS = "$(inherited) @executable_path/Frameworks";
				OTHER_SWIFT_FLAGS = "$(inherited) \"-D\" \"COCOAPODS\" \"-D\" \"WeatherAppLAB\"";
				PRODUCT_BUNDLE_IDENTIFIER = com.rlrg.WeatherApp;
				PRODUCT_NAME = "$(TARGET_NAME)";
				SWIFT_VERSION = 3.0;
			};
			name = Release;
		};
/* End XCBuildConfiguration section */

/* Begin XCConfigurationList section */
		37DD3BAB1F59DAA800065466 /* Build configuration list for PBXProject "WeatherApp" */ = {
			isa = XCConfigurationList;
			buildConfigurations = (
				37DD3BC01F59DAA800065466 /* Debug */,
				37DD3BC11F59DAA800065466 /* Release */,
			);
			defaultConfigurationIsVisible = 0;
			defaultConfigurationName = Release;
		};
		37DD3BC21F59DAA800065466 /* Build configuration list for PBXNativeTarget "WeatherApp" */ = {
			isa = XCConfigurationList;
			buildConfigurations = (
				37DD3BC31F59DAA800065466 /* Debug */,
				37DD3BC41F59DAA800065466 /* Release */,
			);
			defaultConfigurationIsVisible = 0;
			defaultConfigurationName = Release;
		};
		37DD3BCE1F59DB6C00065466 /* Build configuration list for PBXNativeTarget "WeatherAppLAB" */ = {
			isa = XCConfigurationList;
			buildConfigurations = (
				37DD3BCF1F59DB6C00065466 /* Debug */,
				37DD3BD01F59DB6C00065466 /* Release */,
			);
			defaultConfigurationIsVisible = 0;
			defaultConfigurationName = Release;
		};
/* End XCConfigurationList section */
	};
	rootObject = 37DD3BA81F59DAA800065466 /* Project object */;
}
